// !$*UTF8*$!
{
	archiveVersion = 1;
	classes = {
	};
	objectVersion = 50;
	objects = {

/* Begin PBXBuildFile section */
		078A371226A8CC4C0085FDE8 /* Tests_iOS.swift in Sources */ = {isa = PBXBuildFile; fileRef = 078A371126A8CC4C0085FDE8 /* Tests_iOS.swift */; };
		078A371D26A8CC4C0085FDE8 /* Tests_macOS.swift in Sources */ = {isa = PBXBuildFile; fileRef = 078A371C26A8CC4C0085FDE8 /* Tests_macOS.swift */; };
		078A371F26A8CC4C0085FDE8 /* MyActorsApp.swift in Sources */ = {isa = PBXBuildFile; fileRef = 078A36F626A8CC4A0085FDE8 /* MyActorsApp.swift */; };
		078A372026A8CC4C0085FDE8 /* MyActorsApp.swift in Sources */ = {isa = PBXBuildFile; fileRef = 078A36F626A8CC4A0085FDE8 /* MyActorsApp.swift */; };
		078A372126A8CC4C0085FDE8 /* LoginView.swift in Sources */ = {isa = PBXBuildFile; fileRef = 078A36F726A8CC4A0085FDE8 /* LoginView.swift */; };
		078A372226A8CC4C0085FDE8 /* LoginView.swift in Sources */ = {isa = PBXBuildFile; fileRef = 078A36F726A8CC4A0085FDE8 /* LoginView.swift */; };
		078A372326A8CC4C0085FDE8 /* Assets.xcassets in Resources */ = {isa = PBXBuildFile; fileRef = 078A36F826A8CC4C0085FDE8 /* Assets.xcassets */; };
		078A372426A8CC4C0085FDE8 /* Assets.xcassets in Resources */ = {isa = PBXBuildFile; fileRef = 078A36F826A8CC4C0085FDE8 /* Assets.xcassets */; };
		079E3A3926ACE85E004C696E /* LoginContract.swift in Sources */ = {isa = PBXBuildFile; fileRef = 079E3A3826ACE85E004C696E /* LoginContract.swift */; };
		079E3A3A26ACE85E004C696E /* LoginContract.swift in Sources */ = {isa = PBXBuildFile; fileRef = 079E3A3826ACE85E004C696E /* LoginContract.swift */; };
		079E3A3C26ACE870004C696E /* LoginPresenter.swift in Sources */ = {isa = PBXBuildFile; fileRef = 079E3A3B26ACE870004C696E /* LoginPresenter.swift */; };
		079E3A3D26ACE870004C696E /* LoginPresenter.swift in Sources */ = {isa = PBXBuildFile; fileRef = 079E3A3B26ACE870004C696E /* LoginPresenter.swift */; };
		079E3A4026ACE953004C696E /* User.swift in Sources */ = {isa = PBXBuildFile; fileRef = 079E3A3F26ACE953004C696E /* User.swift */; };
		079E3A4126ACE953004C696E /* User.swift in Sources */ = {isa = PBXBuildFile; fileRef = 079E3A3F26ACE953004C696E /* User.swift */; };
		079E3A4326ACEBBA004C696E /* LoginViewController.swift in Sources */ = {isa = PBXBuildFile; fileRef = 079E3A4226ACEBBA004C696E /* LoginViewController.swift */; };
		079E3A4426ACEBBA004C696E /* LoginViewController.swift in Sources */ = {isa = PBXBuildFile; fileRef = 079E3A4226ACEBBA004C696E /* LoginViewController.swift */; };
		079E3A4726ACEE1E004C696E /* UserStore.swift in Sources */ = {isa = PBXBuildFile; fileRef = 079E3A4626ACEE1E004C696E /* UserStore.swift */; };
		079E3A4826ACEE1E004C696E /* UserStore.swift in Sources */ = {isa = PBXBuildFile; fileRef = 079E3A4626ACEE1E004C696E /* UserStore.swift */; };
/* End PBXBuildFile section */

/* Begin PBXContainerItemProxy section */
		078A370E26A8CC4C0085FDE8 /* PBXContainerItemProxy */ = {
			isa = PBXContainerItemProxy;
			containerPortal = 078A36F126A8CC4A0085FDE8 /* Project object */;
			proxyType = 1;
			remoteGlobalIDString = 078A36FC26A8CC4C0085FDE8;
			remoteInfo = "MyActors (iOS)";
		};
		078A371926A8CC4C0085FDE8 /* PBXContainerItemProxy */ = {
			isa = PBXContainerItemProxy;
			containerPortal = 078A36F126A8CC4A0085FDE8 /* Project object */;
			proxyType = 1;
			remoteGlobalIDString = 078A370426A8CC4C0085FDE8;
			remoteInfo = "MyActors (macOS)";
		};
/* End PBXContainerItemProxy section */

/* Begin PBXFileReference section */
		078A36F626A8CC4A0085FDE8 /* MyActorsApp.swift */ = {isa = PBXFileReference; lastKnownFileType = sourcecode.swift; path = MyActorsApp.swift; sourceTree = "<group>"; };
		078A36F726A8CC4A0085FDE8 /* LoginView.swift */ = {isa = PBXFileReference; lastKnownFileType = sourcecode.swift; path = LoginView.swift; sourceTree = "<group>"; };
		078A36F826A8CC4C0085FDE8 /* Assets.xcassets */ = {isa = PBXFileReference; lastKnownFileType = folder.assetcatalog; path = Assets.xcassets; sourceTree = "<group>"; };
		078A36FD26A8CC4C0085FDE8 /* MyActors.app */ = {isa = PBXFileReference; explicitFileType = wrapper.application; includeInIndex = 0; path = MyActors.app; sourceTree = BUILT_PRODUCTS_DIR; };
		078A370026A8CC4C0085FDE8 /* Info.plist */ = {isa = PBXFileReference; lastKnownFileType = text.plist.xml; path = Info.plist; sourceTree = "<group>"; };
		078A370526A8CC4C0085FDE8 /* MyActors.app */ = {isa = PBXFileReference; explicitFileType = wrapper.application; includeInIndex = 0; path = MyActors.app; sourceTree = BUILT_PRODUCTS_DIR; };
		078A370726A8CC4C0085FDE8 /* Info.plist */ = {isa = PBXFileReference; lastKnownFileType = text.plist.xml; path = Info.plist; sourceTree = "<group>"; };
		078A370826A8CC4C0085FDE8 /* macOS.entitlements */ = {isa = PBXFileReference; lastKnownFileType = text.plist.entitlements; path = macOS.entitlements; sourceTree = "<group>"; };
		078A370D26A8CC4C0085FDE8 /* Tests iOS.xctest */ = {isa = PBXFileReference; explicitFileType = wrapper.cfbundle; includeInIndex = 0; path = "Tests iOS.xctest"; sourceTree = BUILT_PRODUCTS_DIR; };
		078A371126A8CC4C0085FDE8 /* Tests_iOS.swift */ = {isa = PBXFileReference; lastKnownFileType = sourcecode.swift; path = Tests_iOS.swift; sourceTree = "<group>"; };
		078A371326A8CC4C0085FDE8 /* Info.plist */ = {isa = PBXFileReference; lastKnownFileType = text.plist.xml; path = Info.plist; sourceTree = "<group>"; };
		078A371826A8CC4C0085FDE8 /* Tests macOS.xctest */ = {isa = PBXFileReference; explicitFileType = wrapper.cfbundle; includeInIndex = 0; path = "Tests macOS.xctest"; sourceTree = BUILT_PRODUCTS_DIR; };
		078A371C26A8CC4C0085FDE8 /* Tests_macOS.swift */ = {isa = PBXFileReference; lastKnownFileType = sourcecode.swift; path = Tests_macOS.swift; sourceTree = "<group>"; };
		078A371E26A8CC4C0085FDE8 /* Info.plist */ = {isa = PBXFileReference; lastKnownFileType = text.plist.xml; path = Info.plist; sourceTree = "<group>"; };
		079E3A3826ACE85E004C696E /* LoginContract.swift */ = {isa = PBXFileReference; lastKnownFileType = sourcecode.swift; path = LoginContract.swift; sourceTree = "<group>"; };
		079E3A3B26ACE870004C696E /* LoginPresenter.swift */ = {isa = PBXFileReference; lastKnownFileType = sourcecode.swift; path = LoginPresenter.swift; sourceTree = "<group>"; };
		079E3A3F26ACE953004C696E /* User.swift */ = {isa = PBXFileReference; lastKnownFileType = sourcecode.swift; path = User.swift; sourceTree = "<group>"; };
		079E3A4226ACEBBA004C696E /* LoginViewController.swift */ = {isa = PBXFileReference; lastKnownFileType = sourcecode.swift; path = LoginViewController.swift; sourceTree = "<group>"; };
		079E3A4626ACEE1E004C696E /* UserStore.swift */ = {isa = PBXFileReference; lastKnownFileType = sourcecode.swift; path = UserStore.swift; sourceTree = "<group>"; };
/* End PBXFileReference section */

/* Begin PBXFrameworksBuildPhase section */
		078A36FA26A8CC4C0085FDE8 /* Frameworks */ = {
			isa = PBXFrameworksBuildPhase;
			buildActionMask = 2147483647;
			files = (
			);
			runOnlyForDeploymentPostprocessing = 0;
		};
		078A370226A8CC4C0085FDE8 /* Frameworks */ = {
			isa = PBXFrameworksBuildPhase;
			buildActionMask = 2147483647;
			files = (
			);
			runOnlyForDeploymentPostprocessing = 0;
		};
		078A370A26A8CC4C0085FDE8 /* Frameworks */ = {
			isa = PBXFrameworksBuildPhase;
			buildActionMask = 2147483647;
			files = (
			);
			runOnlyForDeploymentPostprocessing = 0;
		};
		078A371526A8CC4C0085FDE8 /* Frameworks */ = {
			isa = PBXFrameworksBuildPhase;
			buildActionMask = 2147483647;
			files = (
			);
			runOnlyForDeploymentPostprocessing = 0;
		};
/* End PBXFrameworksBuildPhase section */

/* Begin PBXGroup section */
		078A36F026A8CC4A0085FDE8 = {
			isa = PBXGroup;
			children = (
				078A36F526A8CC4A0085FDE8 /* Shared */,
				078A36FF26A8CC4C0085FDE8 /* iOS */,
				078A370626A8CC4C0085FDE8 /* macOS */,
				078A371026A8CC4C0085FDE8 /* Tests iOS */,
				078A371B26A8CC4C0085FDE8 /* Tests macOS */,
				078A36FE26A8CC4C0085FDE8 /* Products */,
			);
			sourceTree = "<group>";
		};
		078A36F526A8CC4A0085FDE8 /* Shared */ = {
			isa = PBXGroup;
			children = (
				079E3A3E26ACE948004C696E /* Model */,
				079E3A3726ACE7FA004C696E /* Login */,
				078A36F626A8CC4A0085FDE8 /* MyActorsApp.swift */,
				078A36F826A8CC4C0085FDE8 /* Assets.xcassets */,
			);
			path = Shared;
			sourceTree = "<group>";
		};
		078A36FE26A8CC4C0085FDE8 /* Products */ = {
			isa = PBXGroup;
			children = (
				078A36FD26A8CC4C0085FDE8 /* MyActors.app */,
				078A370526A8CC4C0085FDE8 /* MyActors.app */,
				078A370D26A8CC4C0085FDE8 /* Tests iOS.xctest */,
				078A371826A8CC4C0085FDE8 /* Tests macOS.xctest */,
			);
			name = Products;
			sourceTree = "<group>";
		};
		078A36FF26A8CC4C0085FDE8 /* iOS */ = {
			isa = PBXGroup;
			children = (
				078A370026A8CC4C0085FDE8 /* Info.plist */,
			);
			path = iOS;
			sourceTree = "<group>";
		};
		078A370626A8CC4C0085FDE8 /* macOS */ = {
			isa = PBXGroup;
			children = (
				078A370726A8CC4C0085FDE8 /* Info.plist */,
				078A370826A8CC4C0085FDE8 /* macOS.entitlements */,
			);
			path = macOS;
			sourceTree = "<group>";
		};
		078A371026A8CC4C0085FDE8 /* Tests iOS */ = {
			isa = PBXGroup;
			children = (
				078A371126A8CC4C0085FDE8 /* Tests_iOS.swift */,
				078A371326A8CC4C0085FDE8 /* Info.plist */,
			);
			path = "Tests iOS";
			sourceTree = "<group>";
		};
		078A371B26A8CC4C0085FDE8 /* Tests macOS */ = {
			isa = PBXGroup;
			children = (
				078A371C26A8CC4C0085FDE8 /* Tests_macOS.swift */,
				078A371E26A8CC4C0085FDE8 /* Info.plist */,
			);
			path = "Tests macOS";
			sourceTree = "<group>";
		};
		079E3A3726ACE7FA004C696E /* Login */ = {
			isa = PBXGroup;
			children = (
				078A36F726A8CC4A0085FDE8 /* LoginView.swift */,
				079E3A3826ACE85E004C696E /* LoginContract.swift */,
				079E3A3B26ACE870004C696E /* LoginPresenter.swift */,
				079E3A4226ACEBBA004C696E /* LoginViewController.swift */,
				079E3A4626ACEE1E004C696E /* UserStore.swift */,
			);
			path = Login;
			sourceTree = "<group>";
		};
		079E3A3E26ACE948004C696E /* Model */ = {
			isa = PBXGroup;
			children = (
				079E3A3F26ACE953004C696E /* User.swift */,
			);
			path = Model;
			sourceTree = "<group>";
		};
/* End PBXGroup section */

/* Begin PBXNativeTarget section */
		078A36FC26A8CC4C0085FDE8 /* MyActors (iOS) */ = {
			isa = PBXNativeTarget;
			buildConfigurationList = 078A372726A8CC4C0085FDE8 /* Build configuration list for PBXNativeTarget "MyActors (iOS)" */;
			buildPhases = (
				078A36F926A8CC4C0085FDE8 /* Sources */,
				078A36FA26A8CC4C0085FDE8 /* Frameworks */,
				078A36FB26A8CC4C0085FDE8 /* Resources */,
			);
			buildRules = (
			);
			dependencies = (
			);
			name = "MyActors (iOS)";
			productName = "MyActors (iOS)";
			productReference = 078A36FD26A8CC4C0085FDE8 /* MyActors.app */;
			productType = "com.apple.product-type.application";
		};
		078A370426A8CC4C0085FDE8 /* MyActors (macOS) */ = {
			isa = PBXNativeTarget;
			buildConfigurationList = 078A372A26A8CC4C0085FDE8 /* Build configuration list for PBXNativeTarget "MyActors (macOS)" */;
			buildPhases = (
				078A370126A8CC4C0085FDE8 /* Sources */,
				078A370226A8CC4C0085FDE8 /* Frameworks */,
				078A370326A8CC4C0085FDE8 /* Resources */,
			);
			buildRules = (
			);
			dependencies = (
			);
			name = "MyActors (macOS)";
			productName = "MyActors (macOS)";
			productReference = 078A370526A8CC4C0085FDE8 /* MyActors.app */;
			productType = "com.apple.product-type.application";
		};
		078A370C26A8CC4C0085FDE8 /* Tests iOS */ = {
			isa = PBXNativeTarget;
			buildConfigurationList = 078A372D26A8CC4C0085FDE8 /* Build configuration list for PBXNativeTarget "Tests iOS" */;
			buildPhases = (
				078A370926A8CC4C0085FDE8 /* Sources */,
				078A370A26A8CC4C0085FDE8 /* Frameworks */,
				078A370B26A8CC4C0085FDE8 /* Resources */,
			);
			buildRules = (
			);
			dependencies = (
				078A370F26A8CC4C0085FDE8 /* PBXTargetDependency */,
			);
			name = "Tests iOS";
			productName = "Tests iOS";
			productReference = 078A370D26A8CC4C0085FDE8 /* Tests iOS.xctest */;
			productType = "com.apple.product-type.bundle.ui-testing";
		};
		078A371726A8CC4C0085FDE8 /* Tests macOS */ = {
			isa = PBXNativeTarget;
			buildConfigurationList = 078A373026A8CC4C0085FDE8 /* Build configuration list for PBXNativeTarget "Tests macOS" */;
			buildPhases = (
				078A371426A8CC4C0085FDE8 /* Sources */,
				078A371526A8CC4C0085FDE8 /* Frameworks */,
				078A371626A8CC4C0085FDE8 /* Resources */,
			);
			buildRules = (
			);
			dependencies = (
				078A371A26A8CC4C0085FDE8 /* PBXTargetDependency */,
			);
			name = "Tests macOS";
			productName = "Tests macOS";
			productReference = 078A371826A8CC4C0085FDE8 /* Tests macOS.xctest */;
			productType = "com.apple.product-type.bundle.ui-testing";
		};
/* End PBXNativeTarget section */

/* Begin PBXProject section */
		078A36F126A8CC4A0085FDE8 /* Project object */ = {
			isa = PBXProject;
			attributes = {
				LastSwiftUpdateCheck = 1250;
				LastUpgradeCheck = 1250;
				TargetAttributes = {
					078A36FC26A8CC4C0085FDE8 = {
						CreatedOnToolsVersion = 12.5.1;
					};
					078A370426A8CC4C0085FDE8 = {
						CreatedOnToolsVersion = 12.5.1;
					};
					078A370C26A8CC4C0085FDE8 = {
						CreatedOnToolsVersion = 12.5.1;
						TestTargetID = 078A36FC26A8CC4C0085FDE8;
					};
					078A371726A8CC4C0085FDE8 = {
						CreatedOnToolsVersion = 12.5.1;
						TestTargetID = 078A370426A8CC4C0085FDE8;
					};
				};
			};
			buildConfigurationList = 078A36F426A8CC4A0085FDE8 /* Build configuration list for PBXProject "MyActors" */;
			compatibilityVersion = "Xcode 9.3";
			developmentRegion = en;
			hasScannedForEncodings = 0;
			knownRegions = (
				en,
				Base,
			);
			mainGroup = 078A36F026A8CC4A0085FDE8;
			productRefGroup = 078A36FE26A8CC4C0085FDE8 /* Products */;
			projectDirPath = "";
			projectRoot = "";
			targets = (
				078A36FC26A8CC4C0085FDE8 /* MyActors (iOS) */,
				078A370426A8CC4C0085FDE8 /* MyActors (macOS) */,
				078A370C26A8CC4C0085FDE8 /* Tests iOS */,
				078A371726A8CC4C0085FDE8 /* Tests macOS */,
			);
		};
/* End PBXProject section */

/* Begin PBXResourcesBuildPhase section */
		078A36FB26A8CC4C0085FDE8 /* Resources */ = {
			isa = PBXResourcesBuildPhase;
			buildActionMask = 2147483647;
			files = (
				078A372326A8CC4C0085FDE8 /* Assets.xcassets in Resources */,
			);
			runOnlyForDeploymentPostprocessing = 0;
		};
		078A370326A8CC4C0085FDE8 /* Resources */ = {
			isa = PBXResourcesBuildPhase;
			buildActionMask = 2147483647;
			files = (
				078A372426A8CC4C0085FDE8 /* Assets.xcassets in Resources */,
			);
			runOnlyForDeploymentPostprocessing = 0;
		};
		078A370B26A8CC4C0085FDE8 /* Resources */ = {
			isa = PBXResourcesBuildPhase;
			buildActionMask = 2147483647;
			files = (
			);
			runOnlyForDeploymentPostprocessing = 0;
		};
		078A371626A8CC4C0085FDE8 /* Resources */ = {
			isa = PBXResourcesBuildPhase;
			buildActionMask = 2147483647;
			files = (
			);
			runOnlyForDeploymentPostprocessing = 0;
		};
/* End PBXResourcesBuildPhase section */

/* Begin PBXSourcesBuildPhase section */
		078A36F926A8CC4C0085FDE8 /* Sources */ = {
			isa = PBXSourcesBuildPhase;
			buildActionMask = 2147483647;
			files = (
				079E3A3C26ACE870004C696E /* LoginPresenter.swift in Sources */,
				079E3A4726ACEE1E004C696E /* UserStore.swift in Sources */,
				078A372126A8CC4C0085FDE8 /* LoginView.swift in Sources */,
				079E3A3926ACE85E004C696E /* LoginContract.swift in Sources */,
				079E3A4026ACE953004C696E /* User.swift in Sources */,
				079E3A4326ACEBBA004C696E /* LoginViewController.swift in Sources */,
				078A371F26A8CC4C0085FDE8 /* MyActorsApp.swift in Sources */,
			);
			runOnlyForDeploymentPostprocessing = 0;
		};
		078A370126A8CC4C0085FDE8 /* Sources */ = {
			isa = PBXSourcesBuildPhase;
			buildActionMask = 2147483647;
			files = (
				079E3A3D26ACE870004C696E /* LoginPresenter.swift in Sources */,
				079E3A4826ACEE1E004C696E /* UserStore.swift in Sources */,
				078A372226A8CC4C0085FDE8 /* LoginView.swift in Sources */,
				079E3A3A26ACE85E004C696E /* LoginContract.swift in Sources */,
				079E3A4126ACE953004C696E /* User.swift in Sources */,
				079E3A4426ACEBBA004C696E /* LoginViewController.swift in Sources */,
				078A372026A8CC4C0085FDE8 /* MyActorsApp.swift in Sources */,
			);
			runOnlyForDeploymentPostprocessing = 0;
		};
		078A370926A8CC4C0085FDE8 /* Sources */ = {
			isa = PBXSourcesBuildPhase;
			buildActionMask = 2147483647;
			files = (
				078A371226A8CC4C0085FDE8 /* Tests_iOS.swift in Sources */,
			);
			runOnlyForDeploymentPostprocessing = 0;
		};
		078A371426A8CC4C0085FDE8 /* Sources */ = {
			isa = PBXSourcesBuildPhase;
			buildActionMask = 2147483647;
			files = (
				078A371D26A8CC4C0085FDE8 /* Tests_macOS.swift in Sources */,
			);
			runOnlyForDeploymentPostprocessing = 0;
		};
/* End PBXSourcesBuildPhase section */

/* Begin PBXTargetDependency section */
		078A370F26A8CC4C0085FDE8 /* PBXTargetDependency */ = {
			isa = PBXTargetDependency;
			target = 078A36FC26A8CC4C0085FDE8 /* MyActors (iOS) */;
			targetProxy = 078A370E26A8CC4C0085FDE8 /* PBXContainerItemProxy */;
		};
		078A371A26A8CC4C0085FDE8 /* PBXTargetDependency */ = {
			isa = PBXTargetDependency;
			target = 078A370426A8CC4C0085FDE8 /* MyActors (macOS) */;
			targetProxy = 078A371926A8CC4C0085FDE8 /* PBXContainerItemProxy */;
		};
/* End PBXTargetDependency section */

/* Begin XCBuildConfiguration section */
		078A372526A8CC4C0085FDE8 /* Debug */ = {
			isa = XCBuildConfiguration;
			buildSettings = {
				ALWAYS_SEARCH_USER_PATHS = NO;
				CLANG_ANALYZER_NONNULL = YES;
				CLANG_ANALYZER_NUMBER_OBJECT_CONVERSION = YES_AGGRESSIVE;
				CLANG_CXX_LANGUAGE_STANDARD = "gnu++14";
				CLANG_CXX_LIBRARY = "libc++";
				CLANG_ENABLE_MODULES = YES;
				CLANG_ENABLE_OBJC_ARC = YES;
				CLANG_ENABLE_OBJC_WEAK = YES;
				CLANG_WARN_BLOCK_CAPTURE_AUTORELEASING = YES;
				CLANG_WARN_BOOL_CONVERSION = YES;
				CLANG_WARN_COMMA = YES;
				CLANG_WARN_CONSTANT_CONVERSION = YES;
				CLANG_WARN_DEPRECATED_OBJC_IMPLEMENTATIONS = YES;
				CLANG_WARN_DIRECT_OBJC_ISA_USAGE = YES_ERROR;
				CLANG_WARN_DOCUMENTATION_COMMENTS = YES;
				CLANG_WARN_EMPTY_BODY = YES;
				CLANG_WARN_ENUM_CONVERSION = YES;
				CLANG_WARN_INFINITE_RECURSION = YES;
				CLANG_WARN_INT_CONVERSION = YES;
				CLANG_WARN_NON_LITERAL_NULL_CONVERSION = YES;
				CLANG_WARN_OBJC_IMPLICIT_RETAIN_SELF = YES;
				CLANG_WARN_OBJC_LITERAL_CONVERSION = YES;
				CLANG_WARN_OBJC_ROOT_CLASS = YES_ERROR;
				CLANG_WARN_QUOTED_INCLUDE_IN_FRAMEWORK_HEADER = YES;
				CLANG_WARN_RANGE_LOOP_ANALYSIS = YES;
				CLANG_WARN_STRICT_PROTOTYPES = YES;
				CLANG_WARN_SUSPICIOUS_MOVE = YES;
				CLANG_WARN_UNGUARDED_AVAILABILITY = YES_AGGRESSIVE;
				CLANG_WARN_UNREACHABLE_CODE = YES;
				CLANG_WARN__DUPLICATE_METHOD_MATCH = YES;
				COPY_PHASE_STRIP = NO;
				DEBUG_INFORMATION_FORMAT = dwarf;
				ENABLE_STRICT_OBJC_MSGSEND = YES;
				ENABLE_TESTABILITY = YES;
				GCC_C_LANGUAGE_STANDARD = gnu11;
				GCC_DYNAMIC_NO_PIC = NO;
				GCC_NO_COMMON_BLOCKS = YES;
				GCC_OPTIMIZATION_LEVEL = 0;
				GCC_PREPROCESSOR_DEFINITIONS = (
					"DEBUG=1",
					"$(inherited)",
				);
				GCC_WARN_64_TO_32_BIT_CONVERSION = YES;
				GCC_WARN_ABOUT_RETURN_TYPE = YES_ERROR;
				GCC_WARN_UNDECLARED_SELECTOR = YES;
				GCC_WARN_UNINITIALIZED_AUTOS = YES_AGGRESSIVE;
				GCC_WARN_UNUSED_FUNCTION = YES;
				GCC_WARN_UNUSED_VARIABLE = YES;
				MTL_ENABLE_DEBUG_INFO = INCLUDE_SOURCE;
				MTL_FAST_MATH = YES;
				ONLY_ACTIVE_ARCH = YES;
				SWIFT_ACTIVE_COMPILATION_CONDITIONS = DEBUG;
				SWIFT_OPTIMIZATION_LEVEL = "-Onone";
			};
			name = Debug;
		};
		078A372626A8CC4C0085FDE8 /* Release */ = {
			isa = XCBuildConfiguration;
			buildSettings = {
				ALWAYS_SEARCH_USER_PATHS = NO;
				CLANG_ANALYZER_NONNULL = YES;
				CLANG_ANALYZER_NUMBER_OBJECT_CONVERSION = YES_AGGRESSIVE;
				CLANG_CXX_LANGUAGE_STANDARD = "gnu++14";
				CLANG_CXX_LIBRARY = "libc++";
				CLANG_ENABLE_MODULES = YES;
				CLANG_ENABLE_OBJC_ARC = YES;
				CLANG_ENABLE_OBJC_WEAK = YES;
				CLANG_WARN_BLOCK_CAPTURE_AUTORELEASING = YES;
				CLANG_WARN_BOOL_CONVERSION = YES;
				CLANG_WARN_COMMA = YES;
				CLANG_WARN_CONSTANT_CONVERSION = YES;
				CLANG_WARN_DEPRECATED_OBJC_IMPLEMENTATIONS = YES;
				CLANG_WARN_DIRECT_OBJC_ISA_USAGE = YES_ERROR;
				CLANG_WARN_DOCUMENTATION_COMMENTS = YES;
				CLANG_WARN_EMPTY_BODY = YES;
				CLANG_WARN_ENUM_CONVERSION = YES;
				CLANG_WARN_INFINITE_RECURSION = YES;
				CLANG_WARN_INT_CONVERSION = YES;
				CLANG_WARN_NON_LITERAL_NULL_CONVERSION = YES;
				CLANG_WARN_OBJC_IMPLICIT_RETAIN_SELF = YES;
				CLANG_WARN_OBJC_LITERAL_CONVERSION = YES;
				CLANG_WARN_OBJC_ROOT_CLASS = YES_ERROR;
				CLANG_WARN_QUOTED_INCLUDE_IN_FRAMEWORK_HEADER = YES;
				CLANG_WARN_RANGE_LOOP_ANALYSIS = YES;
				CLANG_WARN_STRICT_PROTOTYPES = YES;
				CLANG_WARN_SUSPICIOUS_MOVE = YES;
				CLANG_WARN_UNGUARDED_AVAILABILITY = YES_AGGRESSIVE;
				CLANG_WARN_UNREACHABLE_CODE = YES;
				CLANG_WARN__DUPLICATE_METHOD_MATCH = YES;
				COPY_PHASE_STRIP = NO;
				DEBUG_INFORMATION_FORMAT = "dwarf-with-dsym";
				ENABLE_NS_ASSERTIONS = NO;
				ENABLE_STRICT_OBJC_MSGSEND = YES;
				GCC_C_LANGUAGE_STANDARD = gnu11;
				GCC_NO_COMMON_BLOCKS = YES;
				GCC_WARN_64_TO_32_BIT_CONVERSION = YES;
				GCC_WARN_ABOUT_RETURN_TYPE = YES_ERROR;
				GCC_WARN_UNDECLARED_SELECTOR = YES;
				GCC_WARN_UNINITIALIZED_AUTOS = YES_AGGRESSIVE;
				GCC_WARN_UNUSED_FUNCTION = YES;
				GCC_WARN_UNUSED_VARIABLE = YES;
				MTL_ENABLE_DEBUG_INFO = NO;
				MTL_FAST_MATH = YES;
				SWIFT_COMPILATION_MODE = wholemodule;
				SWIFT_OPTIMIZATION_LEVEL = "-O";
			};
			name = Release;
		};
		078A372826A8CC4C0085FDE8 /* Debug */ = {
			isa = XCBuildConfiguration;
			buildSettings = {
				ASSETCATALOG_COMPILER_APPICON_NAME = AppIcon;
				ASSETCATALOG_COMPILER_GLOBAL_ACCENT_COLOR_NAME = AccentColor;
				CODE_SIGN_STYLE = Automatic;
				ENABLE_PREVIEWS = YES;
				INFOPLIST_FILE = iOS/Info.plist;
				IPHONEOS_DEPLOYMENT_TARGET = 14.0;
				LD_RUNPATH_SEARCH_PATHS = (
					"$(inherited)",
					"@executable_path/Frameworks",
				);
				PRODUCT_BUNDLE_IDENTIFIER = com.micromaster.mobile.MyActors;
				PRODUCT_NAME = MyActors;
				SDKROOT = iphoneos;
				SWIFT_VERSION = 5.0;
				TARGETED_DEVICE_FAMILY = "1,2";
			};
			name = Debug;
		};
		078A372926A8CC4C0085FDE8 /* Release */ = {
			isa = XCBuildConfiguration;
			buildSettings = {
				ASSETCATALOG_COMPILER_APPICON_NAME = AppIcon;
				ASSETCATALOG_COMPILER_GLOBAL_ACCENT_COLOR_NAME = AccentColor;
				CODE_SIGN_STYLE = Automatic;
				ENABLE_PREVIEWS = YES;
				INFOPLIST_FILE = iOS/Info.plist;
				IPHONEOS_DEPLOYMENT_TARGET = 14.0;
				LD_RUNPATH_SEARCH_PATHS = (
					"$(inherited)",
					"@executable_path/Frameworks",
				);
				PRODUCT_BUNDLE_IDENTIFIER = com.micromaster.mobile.MyActors;
				PRODUCT_NAME = MyActors;
				SDKROOT = iphoneos;
				SWIFT_VERSION = 5.0;
				TARGETED_DEVICE_FAMILY = "1,2";
				VALIDATE_PRODUCT = YES;
			};
			name = Release;
		};
		078A372B26A8CC4C0085FDE8 /* Debug */ = {
			isa = XCBuildConfiguration;
			buildSettings = {
				ASSETCATALOG_COMPILER_APPICON_NAME = AppIcon;
				ASSETCATALOG_COMPILER_GLOBAL_ACCENT_COLOR_NAME = AccentColor;
				CODE_SIGN_ENTITLEMENTS = macOS/macOS.entitlements;
				CODE_SIGN_STYLE = Automatic;
				COMBINE_HIDPI_IMAGES = YES;
				ENABLE_PREVIEWS = YES;
				INFOPLIST_FILE = macOS/Info.plist;
				LD_RUNPATH_SEARCH_PATHS = (
					"$(inherited)",
					"@executable_path/../Frameworks",
				);
				MACOSX_DEPLOYMENT_TARGET = 11.0;
				PRODUCT_BUNDLE_IDENTIFIER = com.micromaster.mobile.MyActors;
				PRODUCT_NAME = MyActors;
				SDKROOT = macosx;
				SWIFT_VERSION = 5.0;
			};
			name = Debug;
		};
		078A372C26A8CC4C0085FDE8 /* Release */ = {
			isa = XCBuildConfiguration;
			buildSettings = {
				ASSETCATALOG_COMPILER_APPICON_NAME = AppIcon;
				ASSETCATALOG_COMPILER_GLOBAL_ACCENT_COLOR_NAME = AccentColor;
				CODE_SIGN_ENTITLEMENTS = macOS/macOS.entitlements;
				CODE_SIGN_STYLE = Automatic;
				COMBINE_HIDPI_IMAGES = YES;
				ENABLE_PREVIEWS = YES;
				INFOPLIST_FILE = macOS/Info.plist;
				LD_RUNPATH_SEARCH_PATHS = (
					"$(inherited)",
					"@executable_path/../Frameworks",
				);
				MACOSX_DEPLOYMENT_TARGET = 11.0;
				PRODUCT_BUNDLE_IDENTIFIER = com.micromaster.mobile.MyActors;
				PRODUCT_NAME = MyActors;
				SDKROOT = macosx;
				SWIFT_VERSION = 5.0;
			};
			name = Release;
		};
		078A372E26A8CC4C0085FDE8 /* Debug */ = {
			isa = XCBuildConfiguration;
			buildSettings = {
				ALWAYS_EMBED_SWIFT_STANDARD_LIBRARIES = YES;
				CODE_SIGN_STYLE = Automatic;
				INFOPLIST_FILE = "Tests iOS/Info.plist";
				IPHONEOS_DEPLOYMENT_TARGET = 14.5;
				LD_RUNPATH_SEARCH_PATHS = (
					"$(inherited)",
					"@executable_path/Frameworks",
					"@loader_path/Frameworks",
				);
				PRODUCT_BUNDLE_IDENTIFIER = "com.micromaster.mobile.Tests-iOS";
				PRODUCT_NAME = "$(TARGET_NAME)";
				SDKROOT = iphoneos;
				SWIFT_VERSION = 5.0;
				TARGETED_DEVICE_FAMILY = "1,2";
				TEST_TARGET_NAME = "MyActors (iOS)";
			};
			name = Debug;
		};
		078A372F26A8CC4C0085FDE8 /* Release */ = {
			isa = XCBuildConfiguration;
			buildSettings = {
				ALWAYS_EMBED_SWIFT_STANDARD_LIBRARIES = YES;
				CODE_SIGN_STYLE = Automatic;
				INFOPLIST_FILE = "Tests iOS/Info.plist";
				IPHONEOS_DEPLOYMENT_TARGET = 14.5;
				LD_RUNPATH_SEARCH_PATHS = (
					"$(inherited)",
					"@executable_path/Frameworks",
					"@loader_path/Frameworks",
				);
				PRODUCT_BUNDLE_IDENTIFIER = "com.micromaster.mobile.Tests-iOS";
				PRODUCT_NAME = "$(TARGET_NAME)";
				SDKROOT = iphoneos;
				SWIFT_VERSION = 5.0;
				TARGETED_DEVICE_FAMILY = "1,2";
				TEST_TARGET_NAME = "MyActors (iOS)";
				VALIDATE_PRODUCT = YES;
			};
			name = Release;
		};
		078A373126A8CC4C0085FDE8 /* Debug */ = {
			isa = XCBuildConfiguration;
			buildSettings = {
				ALWAYS_EMBED_SWIFT_STANDARD_LIBRARIES = YES;
				CODE_SIGN_STYLE = Automatic;
				COMBINE_HIDPI_IMAGES = YES;
				INFOPLIST_FILE = "Tests macOS/Info.plist";
				LD_RUNPATH_SEARCH_PATHS = (
					"$(inherited)",
					"@executable_path/../Frameworks",
					"@loader_path/../Frameworks",
				);
				MACOSX_DEPLOYMENT_TARGET = 11.2;
				PRODUCT_BUNDLE_IDENTIFIER = "com.micromaster.mobile.Tests-macOS";
				PRODUCT_NAME = "$(TARGET_NAME)";
				SDKROOT = macosx;
				SWIFT_VERSION = 5.0;
				TEST_TARGET_NAME = "MyActors (macOS)";
			};
			name = Debug;
		};
		078A373226A8CC4C0085FDE8 /* Release */ = {
			isa = XCBuildConfiguration;
			buildSettings = {
				ALWAYS_EMBED_SWIFT_STANDARD_LIBRARIES = YES;
				CODE_SIGN_STYLE = Automatic;
				COMBINE_HIDPI_IMAGES = YES;
				INFOPLIST_FILE = "Tests macOS/Info.plist";
				LD_RUNPATH_SEARCH_PATHS = (
					"$(inherited)",
					"@executable_path/../Frameworks",
					"@loader_path/../Frameworks",
				);
				MACOSX_DEPLOYMENT_TARGET = 11.2;
				PRODUCT_BUNDLE_IDENTIFIER = "com.micromaster.mobile.Tests-macOS";
				PRODUCT_NAME = "$(TARGET_NAME)";
				SDKROOT = macosx;
				SWIFT_VERSION = 5.0;
				TEST_TARGET_NAME = "MyActors (macOS)";
			};
			name = Release;
		};
/* End XCBuildConfiguration section */

/* Begin XCConfigurationList section */
		078A36F426A8CC4A0085FDE8 /* Build configuration list for PBXProject "MyActors" */ = {
			isa = XCConfigurationList;
			buildConfigurations = (
				078A372526A8CC4C0085FDE8 /* Debug */,
				078A372626A8CC4C0085FDE8 /* Release */,
			);
			defaultConfigurationIsVisible = 0;
			defaultConfigurationName = Release;
		};
		078A372726A8CC4C0085FDE8 /* Build configuration list for PBXNativeTarget "MyActors (iOS)" */ = {
			isa = XCConfigurationList;
			buildConfigurations = (
				078A372826A8CC4C0085FDE8 /* Debug */,
				078A372926A8CC4C0085FDE8 /* Release */,
			);
			defaultConfigurationIsVisible = 0;
			defaultConfigurationName = Release;
		};
		078A372A26A8CC4C0085FDE8 /* Build configuration list for PBXNativeTarget "MyActors (macOS)" */ = {
			isa = XCConfigurationList;
			buildConfigurations = (
				078A372B26A8CC4C0085FDE8 /* Debug */,
				078A372C26A8CC4C0085FDE8 /* Release */,
			);
			defaultConfigurationIsVisible = 0;
			defaultConfigurationName = Release;
		};
		078A372D26A8CC4C0085FDE8 /* Build configuration list for PBXNativeTarget "Tests iOS" */ = {
			isa = XCConfigurationList;
			buildConfigurations = (
				078A372E26A8CC4C0085FDE8 /* Debug */,
				078A372F26A8CC4C0085FDE8 /* Release */,
			);
			defaultConfigurationIsVisible = 0;
			defaultConfigurationName = Release;
		};
		078A373026A8CC4C0085FDE8 /* Build configuration list for PBXNativeTarget "Tests macOS" */ = {
			isa = XCConfigurationList;
			buildConfigurations = (
				078A373126A8CC4C0085FDE8 /* Debug */,
				078A373226A8CC4C0085FDE8 /* Release */,
			);
			defaultConfigurationIsVisible = 0;
			defaultConfigurationName = Release;
		};
/* End XCConfigurationList section */
	};
	rootObject = 078A36F126A8CC4A0085FDE8 /* Project object */;
}
